
Microsoft Visual Studio Solution File, Format Version 12.00
# Visual Studio Version 17
VisualStudioVersion = 17.8.34330.188
MinimumVisualStudioVersion = 10.0.40219.1
Project("{FAE04EC0-301F-11D3-BF4B-00C04F79EFBC}") = "Hands-on2", "Hands-on2\Hands-on2.csproj", "{8A42FF13-AFF2-4352-A29B-2722BF5385D6}"
EndProject
Global
	GlobalSection(SolutionConfigurationPlatforms) = preSolution
		Debug|Any CPU = Debug|Any CPU
		Release|Any CPU = Release|Any CPU
	EndGlobalSection
	GlobalSection(ProjectConfigurationPlatforms) = postSolution
		{8A42FF13-AFF2-4352-A29B-2722BF5385D6}.Debug|Any CPU.ActiveCfg = Debug|Any CPU
		{8A42FF13-AFF2-4352-A29B-2722BF5385D6}.Debug|Any CPU.Build.0 = Debug|Any CPU
		{8A42FF13-AFF2-4352-A29B-2722BF5385D6}.Release|Any CPU.ActiveCfg = Release|Any CPU
		{8A42FF13-AFF2-4352-A29B-2722BF5385D6}.Release|Any CPU.Build.0 = Release|Any CPU
	EndGlobalSection
	GlobalSection(SolutionProperties) = preSolution
		HideSolutionNode = FALSE
	EndGlobalSection
	GlobalSection(ExtensibilityGlobals) = postSolution
		SolutionGuid = {D79A1B26-5850-4C3F-88E0-419F324ED19F}
	EndGlobalSection
EndGlobal
